# THIS IS AN AUTOGENERATED FILE. DO NOT EDIT THIS FILE DIRECTLY.
# yarn lockfile v1
async@^1.4.2:
  version "1.5.2"
  resolved "https://registry.yarnpkg.com/async/-/async-1.5.2.tgz#ec6a61ae56480c0c3cb241c95618e20892f9672a"

async@^2.1.2:
  version "2.1.2"
  resolved "https://registry.yarnpkg.com/async/-/async-2.1.2.tgz#612a4ab45ef42a70cde806bad86ee6db047e8385"
  dependencies:
    lodash "^4.14.0"

bl@^0.9.1:
  version "0.9.5"
  resolved "https://registry.yarnpkg.com/bl/-/bl-0.9.5.tgz#c06b797af085ea00bc527afc8efcf11de2232054"
  dependencies:
    readable-stream "~1.0.26"

bson@~0.4.12:
  version "0.4.23"
  resolved "https://registry.yarnpkg.com/bson/-/bson-0.4.23.tgz#e65a2e3c7507ffade4109bc7575a76e50f8da915"

buffer-shims@^1.0.0:
  version "1.0.0"
  resolved "https://registry.yarnpkg.com/buffer-shims/-/buffer-shims-1.0.0.tgz#9978ce317388c649ad8793028c3477ef044a8b51"

commist@^1.0.0:
  version "1.0.0"
  resolved "https://registry.yarnpkg.com/commist/-/commist-1.0.0.tgz#c0c352501cf6f52e9124e3ef89c9806e2022ebef"
  dependencies:
    leven "^1.0.0"
    minimist "^1.1.0"

concat-stream@^1.4.7:
  version "1.5.2"
  resolved "https://registry.yarnpkg.com/concat-stream/-/concat-stream-1.5.2.tgz#708978624d856af41a5a741defdd261da752c266"
  dependencies:
    inherits "~2.0.1"
    readable-stream "~2.0.0"
    typedarray "~0.0.5"

core-util-is@~1.0.0:
  version "1.0.2"
  resolved "https://registry.yarnpkg.com/core-util-is/-/core-util-is-1.0.2.tgz#b5fd54220aa2bc5ab57aab7140c940754503c1a7"

cylon-intel-iot@^0.12.0:
  version "0.12.0"
  resolved "https://registry.yarnpkg.com/cylon-intel-iot/-/cylon-intel-iot-0.12.0.tgz#d094553cb2e8fc94459c5f8cf61f9f1b62f022a4"
  dependencies:
    cylon "^1.3.0"

cylon@^1.3.0:
  version "1.3.0"
  resolved "https://registry.yarnpkg.com/cylon/-/cylon-1.3.0.tgz#0dab55b39df606ec18f9404f35343774c085cfcb"

debug@2.2.0:
  version "2.2.0"
  resolved "https://registry.yarnpkg.com/debug/-/debug-2.2.0.tgz#f87057e995b1a1f6ae6a4960664137bc56f039da"
  dependencies:
    ms "0.7.1"

duplexer@~0.1.1:
  version "0.1.1"
  resolved "https://registry.yarnpkg.com/duplexer/-/duplexer-0.1.1.tgz#ace6ff808c1ce66b57d1ebf97977acb02334cfc1"

duplexify@^3.2.0:
  version "3.5.0"
  resolved "https://registry.yarnpkg.com/duplexify/-/duplexify-3.5.0.tgz#1aa773002e1578457e9d9d4a50b0ccaaebcbd604"
  dependencies:
    end-of-stream "1.0.0"
    inherits "^2.0.1"
    readable-stream "^2.0.0"
    stream-shift "^1.0.0"

end-of-stream@^1.1.0:
  version "1.1.0"
  resolved "https://registry.yarnpkg.com/end-of-stream/-/end-of-stream-1.1.0.tgz#e9353258baa9108965efc41cb0ef8ade2f3cfb07"
  dependencies:
    once "~1.3.0"

end-of-stream@1.0.0:
  version "1.0.0"
  resolved "https://registry.yarnpkg.com/end-of-stream/-/end-of-stream-1.0.0.tgz#d4596e702734a93e40e9af864319eabd99ff2f0e"
  dependencies:
    once "~1.3.0"

event-stream@~3.3.1:
  version "3.3.4"
  resolved "https://registry.yarnpkg.com/event-stream/-/event-stream-3.3.4.tgz#4ab4c9a0f5a54db9338b4c34d86bfce8f4b35571"
  dependencies:
    duplexer "~0.1.1"
    from "~0"
    map-stream "~0.1.0"
    pause-stream "0.0.11"
    split "0.3"
    stream-combiner "~0.0.4"
    through "~2.3.1"

from@~0:
  version "0.1.3"
  resolved "https://registry.yarnpkg.com/from/-/from-0.1.3.tgz#ef63ac2062ac32acf7862e0d40b44b896f22f3bc"

help-me@^0.1.0:
  version "0.1.0"
  resolved "https://registry.yarnpkg.com/help-me/-/help-me-0.1.0.tgz#0fb3a40537ad5265b6b49413022c60d35b49539a"
  dependencies:
    concat-stream "^1.4.7"
    pump "^1.0.0"
    readable-stream "^1.0.33"
    xtend "^4.0.0"

inherits@^2.0.1, inherits@~2.0.1:
  version "2.0.3"
  resolved "https://registry.yarnpkg.com/inherits/-/inherits-2.0.3.tgz#633c2c83e3da42a502f52466022480f4208261de"

isarray@~1.0.0:
  version "1.0.0"
  resolved "https://registry.yarnpkg.com/isarray/-/isarray-1.0.0.tgz#bb935d48582cba168c06834957a54a3e07124f11"

isarray@0.0.1:
  version "0.0.1"
  resolved "https://registry.yarnpkg.com/isarray/-/isarray-0.0.1.tgz#8a18acfca9a8f4177e09abfc6038939b05d1eedf"

jsonparse@^1.1.0:
  version "1.2.0"
  resolved "https://registry.yarnpkg.com/jsonparse/-/jsonparse-1.2.0.tgz#5c0c5685107160e72fe7489bddea0b44c2bc67bd"

JSONStream@~1.0.6:
  version "1.0.7"
  resolved "https://registry.yarnpkg.com/JSONStream/-/JSONStream-1.0.7.tgz#700c8e4711fef1ce421f650bead55235bb21d7de"
  dependencies:
    jsonparse "^1.1.0"
    through ">=2.2.7 <3"

leven@^1.0.0:
  version "1.0.2"
  resolved "https://registry.yarnpkg.com/leven/-/leven-1.0.2.tgz#9144b6eebca5f1d0680169f1a6770dcea60b75c3"

lodash._basecallback@^3.0.0:
  version "3.3.1"
  resolved "https://registry.yarnpkg.com/lodash._basecallback/-/lodash._basecallback-3.3.1.tgz#b7b2bb43dc2160424a21ccf26c57e443772a8e27"
  dependencies:
    lodash._baseisequal "^3.0.0"
    lodash._bindcallback "^3.0.0"
    lodash.isarray "^3.0.0"
    lodash.pairs "^3.0.0"

lodash._baseeach@^3.0.0:
  version "3.0.4"
  resolved "https://registry.yarnpkg.com/lodash._baseeach/-/lodash._baseeach-3.0.4.tgz#cf8706572ca144e8d9d75227c990da982f932af3"
  dependencies:
    lodash.keys "^3.0.0"

lodash._baseisequal@^3.0.0:
  version "3.0.7"
  resolved "https://registry.yarnpkg.com/lodash._baseisequal/-/lodash._baseisequal-3.0.7.tgz#d8025f76339d29342767dcc887ce5cb95a5b51f1"
  dependencies:
    lodash.isarray "^3.0.0"
    lodash.istypedarray "^3.0.0"
    lodash.keys "^3.0.0"

lodash._basereduce@^3.0.0:
  version "3.0.2"
  resolved "https://registry.yarnpkg.com/lodash._basereduce/-/lodash._basereduce-3.0.2.tgz#13fb98fbde162083a0c967f0605c32acfbb270b2"

lodash._bindcallback@^3.0.0:
  version "3.0.1"
  resolved "https://registry.yarnpkg.com/lodash._bindcallback/-/lodash._bindcallback-3.0.1.tgz#e531c27644cf8b57a99e17ed95b35c748789392e"

lodash._getnative@^3.0.0:
  version "3.9.1"
  resolved "https://registry.yarnpkg.com/lodash._getnative/-/lodash._getnative-3.9.1.tgz#570bc7dede46d61cdcde687d65d3eecbaa3aaff5"

lodash.debounce@^4.0.8:
  version "4.0.8"
  resolved "https://registry.yarnpkg.com/lodash.debounce/-/lodash.debounce-4.0.8.tgz#82d79bff30a67c4005ffd5e2515300ad9ca4d7af"

lodash.isarguments@^3.0.0:
  version "3.1.0"
  resolved "https://registry.yarnpkg.com/lodash.isarguments/-/lodash.isarguments-3.1.0.tgz#2f573d85c6a24289ff00663b491c1d338ff3458a"

lodash.isarray@^3.0.0:
  version "3.0.4"
  resolved "https://registry.yarnpkg.com/lodash.isarray/-/lodash.isarray-3.0.4.tgz#79e4eb88c36a8122af86f844aa9bcd851b5fbb55"

lodash.isfunction@^3.0.6:
  version "3.0.8"
  resolved "https://registry.yarnpkg.com/lodash.isfunction/-/lodash.isfunction-3.0.8.tgz#4db709fc81bc4a8fd7127a458a5346c5cdce2c6b"

lodash.istypedarray@^3.0.0:
  version "3.0.6"
  resolved "https://registry.yarnpkg.com/lodash.istypedarray/-/lodash.istypedarray-3.0.6.tgz#c9a477498607501d8e8494d283b87c39281cef62"

lodash.keys@^3.0.0:
  version "3.1.2"
  resolved "https://registry.yarnpkg.com/lodash.keys/-/lodash.keys-3.1.2.tgz#4dbc0472b156be50a0b286855d1bd0b0c656098a"
  dependencies:
    lodash._getnative "^3.0.0"
    lodash.isarguments "^3.0.0"
    lodash.isarray "^3.0.0"

lodash.pairs@^3.0.0:
  version "3.0.1"
  resolved "https://registry.yarnpkg.com/lodash.pairs/-/lodash.pairs-3.0.1.tgz#bbe08d5786eeeaa09a15c91ebf0dcb7d2be326a9"
  dependencies:
    lodash.keys "^3.0.0"

lodash.reduce@^3.1.2:
  version "3.1.2"
  resolved "https://registry.yarnpkg.com/lodash.reduce/-/lodash.reduce-3.1.2.tgz#2af3e2c688a0d939d86ea71714e8cd53ce327b02"
  dependencies:
    lodash._basecallback "^3.0.0"
    lodash._baseeach "^3.0.0"
    lodash._basereduce "^3.0.0"
    lodash.isarray "^3.0.0"
    lodash.keys "^3.0.0"

lodash@^4.14.0:
  version "4.16.4"
  resolved "https://registry.yarnpkg.com/lodash/-/lodash-4.16.4.tgz#01ce306b9bad1319f2a5528674f88297aeb70127"

losant-mqtt@^2.0.1:
  version "2.0.1"
  resolved "https://registry.yarnpkg.com/losant-mqtt/-/losant-mqtt-2.0.1.tgz#4efa153f6a73d55448592d95c13f63839186bb28"
  dependencies:
    debug "2.2.0"
    mongodb-extended-json "1.5.3"
    mqtt "1.12.0"

map-stream@~0.1.0:
  version "0.1.0"
  resolved "https://registry.yarnpkg.com/map-stream/-/map-stream-0.1.0.tgz#e56aa94c4c8055a16404a0674b78f215f7c8e194"

minimist@^1.1.0:
  version "1.2.0"
  resolved "https://registry.yarnpkg.com/minimist/-/minimist-1.2.0.tgz#a35008b20f41383eec1fb914f4cd5df79a264284"

moment@^2.10.6:
  version "2.15.2"
  resolved "https://registry.yarnpkg.com/moment/-/moment-2.15.2.tgz#1bfdedf6a6e345f322fe956d5df5bd08a8ce84dc"

mongodb-extended-json@1.5.3:
  version "1.5.3"
  resolved "https://registry.yarnpkg.com/mongodb-extended-json/-/mongodb-extended-json-1.5.3.tgz#6324330c2a10554c0f0b89b293e1be76b49ec40d"
  dependencies:
    async "^1.4.2"
    bson "~0.4.12"
    event-stream "~3.3.1"
    JSONStream "~1.0.6"
    lodash.isfunction "^3.0.6"
    lodash.reduce "^3.1.2"
    moment "^2.10.6"
    raf "^3.1.0"

mqtt-connection@^2.0.0:
  version "2.1.1"
  resolved "https://registry.yarnpkg.com/mqtt-connection/-/mqtt-connection-2.1.1.tgz#7b2e985a74e196619430bebd35da162c34c4e56a"
  dependencies:
    inherits "^2.0.1"
    mqtt-packet "^3.0.0"
    reduplexer "^1.1.0"
    through2 "^0.6.3"

mqtt-packet@^3.0.0, mqtt-packet@^3.4.7:
  version "3.4.7"
  resolved "https://registry.yarnpkg.com/mqtt-packet/-/mqtt-packet-3.4.7.tgz#be8c267be7f0bf6a2a2d4f6de28307b6e0940e5f"
  dependencies:
    bl "^0.9.1"
    inherits "^2.0.1"

mqtt@1.12.0:
  version "1.12.0"
  resolved "https://registry.yarnpkg.com/mqtt/-/mqtt-1.12.0.tgz#9e65da4f49621469bb8155bea625c937cfb6596e"
  dependencies:
    commist "^1.0.0"
    concat-stream "^1.4.7"
    end-of-stream "^1.1.0"
    help-me "^0.1.0"
    inherits "^2.0.1"
    minimist "^1.1.0"
    mqtt-connection "^2.0.0"
    mqtt-packet "^3.4.7"
    pump "^1.0.1"
    readable-stream "~1.0.2"
    reinterval "^1.0.1"
    split2 "^2.0.1"
    websocket-stream "^3.0.1"
    xtend "^4.0.0"

mraa@^v1.4.0:
  version v1.4.0
  resolved "https://registry.yarnpkg.com/mraa/-/mraa-1.4.0.tgz#6765b89a14fe4027de16e1722459cb2d3cbd0f12"

ms@0.7.1:
  version "0.7.1"
  resolved "https://registry.yarnpkg.com/ms/-/ms-0.7.1.tgz#9cd13c03adbff25b65effde7ce864ee952017098"

once@^1.3.1:
  version "1.4.0"
  resolved "https://registry.yarnpkg.com/once/-/once-1.4.0.tgz#583b1aa775961d4b113ac17d9c50baef9dd76bd1"
  dependencies:
    wrappy "1"

once@~1.3.0:
  version "1.3.3"
  resolved "https://registry.yarnpkg.com/once/-/once-1.3.3.tgz#b2e261557ce4c314ec8304f3fa82663e4297ca20"
  dependencies:
    wrappy "1"

options@>=0.0.5:
  version "0.0.6"
  resolved "https://registry.yarnpkg.com/options/-/options-0.0.6.tgz#ec22d312806bb53e731773e7cdaefcf1c643128f"

pause-stream@0.0.11:
  version "0.0.11"
  resolved "https://registry.yarnpkg.com/pause-stream/-/pause-stream-0.0.11.tgz#fe5a34b0cbce12b5aa6a2b403ee2e73b602f1445"
  dependencies:
    through "~2.3"

performance-now@~0.2.0:
  version "0.2.0"
  resolved "https://registry.yarnpkg.com/performance-now/-/performance-now-0.2.0.tgz#33ef30c5c77d4ea21c5a53869d91b56d8f2555e5"

process-nextick-args@~1.0.6:
  version "1.0.7"
  resolved "https://registry.yarnpkg.com/process-nextick-args/-/process-nextick-args-1.0.7.tgz#150e20b756590ad3f91093f25a4f2ad8bff30ba3"

pump@^1.0.0, pump@^1.0.1:
  version "1.0.1"
  resolved "https://registry.yarnpkg.com/pump/-/pump-1.0.1.tgz#f1f1409fb9bd1085bbdb576b43b84ec4b5eadc1a"
  dependencies:
    end-of-stream "^1.1.0"
    once "^1.3.1"

raf@^3.1.0:
  version "3.3.0"
  resolved "https://registry.yarnpkg.com/raf/-/raf-3.3.0.tgz#93845eeffc773f8129039f677f80a36044eee2c3"
  dependencies:
    performance-now "~0.2.0"

readable-stream@^1.0.33:
  version "1.1.14"
  resolved "https://registry.yarnpkg.com/readable-stream/-/readable-stream-1.1.14.tgz#7cf4c54ef648e3813084c636dd2079e166c081d9"
  dependencies:
    core-util-is "~1.0.0"
    inherits "~2.0.1"
    isarray "0.0.1"
    string_decoder "~0.10.x"

readable-stream@^2.0.0:
  version "2.1.5"
  resolved "https://registry.yarnpkg.com/readable-stream/-/readable-stream-2.1.5.tgz#66fa8b720e1438b364681f2ad1a63c618448c9d0"
  dependencies:
    buffer-shims "^1.0.0"
    core-util-is "~1.0.0"
    inherits "~2.0.1"
    isarray "~1.0.0"
    process-nextick-args "~1.0.6"
    string_decoder "~0.10.x"
    util-deprecate "~1.0.1"

"readable-stream@>=1.0.33-1 <1.1.0-0", readable-stream@~1.0.2, readable-stream@~1.0.26, readable-stream@~1.0.26-2:
  version "1.0.34"
  resolved "https://registry.yarnpkg.com/readable-stream/-/readable-stream-1.0.34.tgz#125820e34bc842d2f2aaafafe4c2916ee32c157c"
  dependencies:
    core-util-is "~1.0.0"
    inherits "~2.0.1"
    isarray "0.0.1"
    string_decoder "~0.10.x"

readable-stream@~2.0.0:
  version "2.0.6"
  resolved "https://registry.yarnpkg.com/readable-stream/-/readable-stream-2.0.6.tgz#8f90341e68a53ccc928788dacfcd11b36eb9b78e"
  dependencies:
    core-util-is "~1.0.0"
    inherits "~2.0.1"
    isarray "~1.0.0"
    process-nextick-args "~1.0.6"
    string_decoder "~0.10.x"
    util-deprecate "~1.0.1"

reduplexer@^1.1.0:
  version "1.1.0"
  resolved "https://registry.yarnpkg.com/reduplexer/-/reduplexer-1.1.0.tgz#7dfed18a679e749c1d7ad36de01acb515f08e140"
  dependencies:
    inherits "^2.0.1"
    readable-stream "~1.0.26-2"

reinterval@^1.0.1:
  version "1.1.0"
  resolved "https://registry.yarnpkg.com/reinterval/-/reinterval-1.1.0.tgz#3361ecfa3ca6c18283380dd0bb9546f390f5ece7"

say@^0.10.0:
  version "0.10.0"
  resolved "https://registry.yarnpkg.com/say/-/say-0.10.0.tgz#5ff52ef4bc8d8393cdf5d74b861b90abc3cf66e1"

split@0.3:
  version "0.3.3"
  resolved "https://registry.yarnpkg.com/split/-/split-0.3.3.tgz#cd0eea5e63a211dfff7eb0f091c4133e2d0dd28f"
  dependencies:
    through "2"

split2@^2.0.1:
  version "2.1.0"
  resolved "https://registry.yarnpkg.com/split2/-/split2-2.1.0.tgz#7382c148cb622c4b28af7c727f9673730b73f474"
  dependencies:
    through2 "~2.0.0"

stream-combiner@~0.0.4:
  version "0.0.4"
  resolved "https://registry.yarnpkg.com/stream-combiner/-/stream-combiner-0.0.4.tgz#4d5e433c185261dde623ca3f44c586bcf5c4ad14"
  dependencies:
    duplexer "~0.1.1"

stream-shift@^1.0.0:
  version "1.0.0"
  resolved "https://registry.yarnpkg.com/stream-shift/-/stream-shift-1.0.0.tgz#d5c752825e5367e786f78e18e445ea223a155952"

string_decoder@~0.10.x:
  version "0.10.31"
  resolved "https://registry.yarnpkg.com/string_decoder/-/string_decoder-0.10.31.tgz#62e203bc41766c6c28c9fc84301dab1c5310fa94"

"through@>=2.2.7 <3", through@~2.3, through@~2.3.1, through@2:
  version "2.3.8"
  resolved "https://registry.yarnpkg.com/through/-/through-2.3.8.tgz#0dd4c9ffaabc357960b1b724115d7e0e86a2e1f5"

through2@^0.6.3:
  version "0.6.5"
  resolved "https://registry.yarnpkg.com/through2/-/through2-0.6.5.tgz#41ab9c67b29d57209071410e1d7a7a968cd3ad48"
  dependencies:
    readable-stream ">=1.0.33-1 <1.1.0-0"
    xtend ">=4.0.0 <4.1.0-0"

through2@^2.0.0, through2@~2.0.0:
  version "2.0.1"
  resolved "https://registry.yarnpkg.com/through2/-/through2-2.0.1.tgz#384e75314d49f32de12eebb8136b8eb6b5d59da9"
  dependencies:
    readable-stream "~2.0.0"
    xtend "~4.0.0"

typedarray@~0.0.5:
  version "0.0.6"
  resolved "https://registry.yarnpkg.com/typedarray/-/typedarray-0.0.6.tgz#867ac74e3864187b1d3d47d996a78ec5c8830777"

ultron@1.0.x:
  version "1.0.2"
  resolved "https://registry.yarnpkg.com/ultron/-/ultron-1.0.2.tgz#ace116ab557cd197386a4e88f4685378c8b2e4fa"

util-deprecate@~1.0.1:
  version "1.0.2"
  resolved "https://registry.yarnpkg.com/util-deprecate/-/util-deprecate-1.0.2.tgz#450d4dc9fa70de732762fbd2d4a28981419a0ccf"

websocket-stream@^3.0.1:
  version "3.3.0"
  resolved "https://registry.yarnpkg.com/websocket-stream/-/websocket-stream-3.3.0.tgz#69ced776afca68688ed5be73d28511a2c329c8ed"
  dependencies:
    duplexify "^3.2.0"
    inherits "^2.0.1"
    through2 "^2.0.0"
    ws "^1.0.1"
    xtend "^4.0.0"

wrappy@1:
  version "1.0.2"
  resolved "https://registry.yarnpkg.com/wrappy/-/wrappy-1.0.2.tgz#b5243d8f3ec1aa35f1364605bc0d1036e30ab69f"

ws@^1.0.1:
  version "1.1.1"
  resolved "https://registry.yarnpkg.com/ws/-/ws-1.1.1.tgz#082ddb6c641e85d4bb451f03d52f06eabdb1f018"
  dependencies:
    options ">=0.0.5"
    ultron "1.0.x"

xtend@^4.0.0, "xtend@>=4.0.0 <4.1.0-0", xtend@~4.0.0:
  version "4.0.1"
  resolved "https://registry.yarnpkg.com/xtend/-/xtend-4.0.1.tgz#a5c6d532be656e23db820efb943a1f04998d63af"

